
Microsoft Visual Studio Solution File, Format Version 12.00
# Visual Studio Version 17
VisualStudioVersion = 17.14.36221.1 d17.14
MinimumVisualStudioVersion = 10.0.40219.1
Project("{FAE04EC0-301F-11D3-BF4B-00C04F79EFBC}") = "AIResumeChatApp", "AIResumeChatApp.csproj", "{698D920B-73EE-35D4-C157-C95079C0BEC8}"
EndProject
Global
	GlobalSection(SolutionConfigurationPlatforms) = preSolution
		Debug|Any CPU = Debug|Any CPU
		Release|Any CPU = Release|Any CPU
	EndGlobalSection
	GlobalSection(ProjectConfigurationPlatforms) = postSolution
		{698D920B-73EE-35D4-C157-C95079C0BEC8}.Debug|Any CPU.ActiveCfg = Debug|Any CPU
		{698D920B-73EE-35D4-C157-C95079C0BEC8}.Debug|Any CPU.Build.0 = Debug|Any CPU
		{698D920B-73EE-35D4-C157-C95079C0BEC8}.Release|Any CPU.ActiveCfg = Release|Any CPU
		{698D920B-73EE-35D4-C157-C95079C0BEC8}.Release|Any CPU.Build.0 = Release|Any CPU
	EndGlobalSection
	GlobalSection(SolutionProperties) = preSolution
		HideSolutionNode = FALSE
	EndGlobalSection
	GlobalSection(ExtensibilityGlobals) = postSolution
		SolutionGuid = {F0C9E695-6F3B-461A-ACCC-8DDAA0B5A85B}
	EndGlobalSection
EndGlobal
